{
  "name": "chess-prep",
  "lockfileVersion": 2,
  "requires": true,
  "packages": {
    "": {
      "dependencies": {
        "chess.ts": "^0.16.2"
      },
      "devDependencies": {
        "typescript": "^4.9.5"
      }
    },
    "node_modules/chess.ts": {
      "version": "0.16.2",
      "resolved": "https://registry.npmjs.org/chess.ts/-/chess.ts-0.16.2.tgz",
      "integrity": "sha512-eqTrUGxN7xLr/SHQcc7AT+Kp1aRQb1iCMn1pBXsmpU06soRH0u+HJmM/vcxKadqqvoDEazu9uFvVoZSKP2pDSg=="
    },
    "node_modules/typescript": {
      "version": "4.9.5",
      "resolved": "https://registry.npmjs.org/typescript/-/typescript-4.9.5.tgz",
      "integrity": "sha512-1FXk9E2Hm+QzZQ7z+McJiHL4NW1F2EzMu9Nq9i3zAaGqibafqYwCVU6WyWAuyQRRzOlxou8xZSyXLEN8oKj24g==",
      "dev": true,
      "bin": {
        "tsc": "bin/tsc",
        "tsserver": "bin/tsserver"
      },
      "engines": {
        "node": ">=4.2.0"
      }
    }
  },
  "dependencies": {
    "chess.ts": {
      "version": "0.16.2",
      "resolved": "https://registry.npmjs.org/chess.ts/-/chess.ts-0.16.2.tgz",
      "integrity": "sha512-eqTrUGxN7xLr/SHQcc7AT+Kp1aRQb1iCMn1pBXsmpU06soRH0u+HJmM/vcxKadqqvoDEazu9uFvVoZSKP2pDSg=="
    },
    "typescript": {
      "version": "4.9.5",
      "resolved": "https://registry.npmjs.org/typescript/-/typescript-4.9.5.tgz",
      "integrity": "sha512-1FXk9E2Hm+QzZQ7z+McJiHL4NW1F2EzMu9Nq9i3zAaGqibafqYwCVU6WyWAuyQRRzOlxou8xZSyXLEN8oKj24g==",
      "dev": true
    }
  }
}
